
Microsoft Visual Studio Solution File, Format Version 12.00
# Visual Studio Version 17
VisualStudioVersion = 17.2.32526.322
MinimumVisualStudioVersion = 10.0.40219.1
Project("{9A19103F-16F7-4668-BE54-9A1E7A4F7556}") = "TelegramBot", "TelegramBot\TelegramBot.csproj", "{A63F7390-9255-4D90-87D4-FE125C9A4735}"
EndProject
Project("{9A19103F-16F7-4668-BE54-9A1E7A4F7556}") = "TelegramBotApiTest", "TelegramBotApiTest\TelegramBotApiTest.csproj", "{AE12AEE2-06FE-4BDC-BA98-59BACC616476}"
EndProject
Project("{9A19103F-16F7-4668-BE54-9A1E7A4F7556}") = "Task_11_3_7", "Task_11_3_7\Task_11_3_7.csproj", "{F4478AAB-D500-4751-B48B-A22472116688}"
EndProject
Project("{9A19103F-16F7-4668-BE54-9A1E7A4F7556}") = "Task_11_3_8", "Task_11_3_8\Task_11_3_8.csproj", "{2F9C49A5-0B47-451E-8194-E24269188F9B}"
EndProject
Project("{9A19103F-16F7-4668-BE54-9A1E7A4F7556}") = "Task_11_3_9", "Task_11_3_9\Task_11_3_9.csproj", "{4CD93A00-1F60-43DF-ACAF-5E597B5BC545}"
EndProject
Project("{FAE04EC0-301F-11D3-BF4B-00C04F79EFBC}") = "Task_11_3_17", "Task_11_3_17\Task_11_3_17.csproj", "{6ECC814E-6503-47DD-BC4C-A456D80215EE}"
EndProject
Project("{FAE04EC0-301F-11D3-BF4B-00C04F79EFBC}") = "Task_11_3_19", "Task_11_3_19\Task_11_3_19.csproj", "{9BD6995F-2A54-47AA-A5EB-B8932CE384F5}"
EndProject
Global
	GlobalSection(SolutionConfigurationPlatforms) = preSolution
		Debug|Any CPU = Debug|Any CPU
		Release|Any CPU = Release|Any CPU
	EndGlobalSection
	GlobalSection(ProjectConfigurationPlatforms) = postSolution
		{A63F7390-9255-4D90-87D4-FE125C9A4735}.Debug|Any CPU.ActiveCfg = Debug|Any CPU
		{A63F7390-9255-4D90-87D4-FE125C9A4735}.Debug|Any CPU.Build.0 = Debug|Any CPU
		{A63F7390-9255-4D90-87D4-FE125C9A4735}.Release|Any CPU.ActiveCfg = Release|Any CPU
		{A63F7390-9255-4D90-87D4-FE125C9A4735}.Release|Any CPU.Build.0 = Release|Any CPU
		{AE12AEE2-06FE-4BDC-BA98-59BACC616476}.Debug|Any CPU.ActiveCfg = Debug|Any CPU
		{AE12AEE2-06FE-4BDC-BA98-59BACC616476}.Debug|Any CPU.Build.0 = Debug|Any CPU
		{AE12AEE2-06FE-4BDC-BA98-59BACC616476}.Release|Any CPU.ActiveCfg = Release|Any CPU
		{AE12AEE2-06FE-4BDC-BA98-59BACC616476}.Release|Any CPU.Build.0 = Release|Any CPU
		{F4478AAB-D500-4751-B48B-A22472116688}.Debug|Any CPU.ActiveCfg = Debug|Any CPU
		{F4478AAB-D500-4751-B48B-A22472116688}.Debug|Any CPU.Build.0 = Debug|Any CPU
		{F4478AAB-D500-4751-B48B-A22472116688}.Release|Any CPU.ActiveCfg = Release|Any CPU
		{F4478AAB-D500-4751-B48B-A22472116688}.Release|Any CPU.Build.0 = Release|Any CPU
		{2F9C49A5-0B47-451E-8194-E24269188F9B}.Debug|Any CPU.ActiveCfg = Debug|Any CPU
		{2F9C49A5-0B47-451E-8194-E24269188F9B}.Debug|Any CPU.Build.0 = Debug|Any CPU
		{2F9C49A5-0B47-451E-8194-E24269188F9B}.Release|Any CPU.ActiveCfg = Release|Any CPU
		{2F9C49A5-0B47-451E-8194-E24269188F9B}.Release|Any CPU.Build.0 = Release|Any CPU
		{4CD93A00-1F60-43DF-ACAF-5E597B5BC545}.Debug|Any CPU.ActiveCfg = Debug|Any CPU
		{4CD93A00-1F60-43DF-ACAF-5E597B5BC545}.Debug|Any CPU.Build.0 = Debug|Any CPU
		{4CD93A00-1F60-43DF-ACAF-5E597B5BC545}.Release|Any CPU.ActiveCfg = Release|Any CPU
		{4CD93A00-1F60-43DF-ACAF-5E597B5BC545}.Release|Any CPU.Build.0 = Release|Any CPU
		{6ECC814E-6503-47DD-BC4C-A456D80215EE}.Debug|Any CPU.ActiveCfg = Debug|Any CPU
		{6ECC814E-6503-47DD-BC4C-A456D80215EE}.Debug|Any CPU.Build.0 = Debug|Any CPU
		{6ECC814E-6503-47DD-BC4C-A456D80215EE}.Release|Any CPU.ActiveCfg = Release|Any CPU
		{6ECC814E-6503-47DD-BC4C-A456D80215EE}.Release|Any CPU.Build.0 = Release|Any CPU
		{9BD6995F-2A54-47AA-A5EB-B8932CE384F5}.Debug|Any CPU.ActiveCfg = Debug|Any CPU
		{9BD6995F-2A54-47AA-A5EB-B8932CE384F5}.Debug|Any CPU.Build.0 = Debug|Any CPU
		{9BD6995F-2A54-47AA-A5EB-B8932CE384F5}.Release|Any CPU.ActiveCfg = Release|Any CPU
		{9BD6995F-2A54-47AA-A5EB-B8932CE384F5}.Release|Any CPU.Build.0 = Release|Any CPU
	EndGlobalSection
	GlobalSection(SolutionProperties) = preSolution
		HideSolutionNode = FALSE
	EndGlobalSection
	GlobalSection(ExtensibilityGlobals) = postSolution
		SolutionGuid = {DF53F65A-7F26-40EA-A175-AAE68A283055}
	EndGlobalSection
EndGlobal
